// !$*UTF8*$!
{
	archiveVersion = 1;
	classes = {
	};
	objectVersion = 56;
	objects = {

/* Begin PBXBuildFile section */
		2C01BE202AD81CF7000A9505 /* CardDataModel.xcdatamodeld in Sources */ = {isa = PBXBuildFile; fileRef = 2C01BE1E2AD81CF7000A9505 /* CardDataModel.xcdatamodeld */; };
		2C01BE222AD81DC7000A9505 /* CardDataController.swift in Sources */ = {isa = PBXBuildFile; fileRef = 2C01BE212AD81DC7000A9505 /* CardDataController.swift */; };
		2C17E0DA2ABCA4B10082F5DE /* CardDetails.swift in Sources */ = {isa = PBXBuildFile; fileRef = 2C17E0D92ABCA4B10082F5DE /* CardDetails.swift */; };
		2C4157B12AA6481E00256A66 /* ElecAddView.swift in Sources */ = {isa = PBXBuildFile; fileRef = 2C4157B02AA6481E00256A66 /* ElecAddView.swift */; };
		2C5F05F42AA2161200B11F97 /* ElecContentView.swift in Sources */ = {isa = PBXBuildFile; fileRef = 2C5F05F32AA2161200B11F97 /* ElecContentView.swift */; };
		2C5F05F62AA2166700B11F97 /* ElecBarView.swift in Sources */ = {isa = PBXBuildFile; fileRef = 2C5F05F52AA2166700B11F97 /* ElecBarView.swift */; };
		2C5F05F82AA21A4A00B11F97 /* ElecListView.swift in Sources */ = {isa = PBXBuildFile; fileRef = 2C5F05F72AA21A4A00B11F97 /* ElecListView.swift */; };
		2C5F05FA2AA2367B00B11F97 /* electData.json in Resources */ = {isa = PBXBuildFile; fileRef = 2C5F05F92AA2367B00B11F97 /* electData.json */; };
		2C5F05FC2AA241E400B11F97 /* Navigation.swift in Sources */ = {isa = PBXBuildFile; fileRef = 2C5F05FB2AA241E400B11F97 /* Navigation.swift */; };
		2C9732BB2ABC0632001778D9 /* CardContentView.swift in Sources */ = {isa = PBXBuildFile; fileRef = 2C9732BA2ABC0632001778D9 /* CardContentView.swift */; };
		2C9732BD2ABC089D001778D9 /* CommonAddNavBar.swift in Sources */ = {isa = PBXBuildFile; fileRef = 2C9732BC2ABC089D001778D9 /* CommonAddNavBar.swift */; };
		2C9732C02ABC0ABD001778D9 /* CardData.json in Resources */ = {isa = PBXBuildFile; fileRef = 2C9732BF2ABC0ABD001778D9 /* CardData.json */; };
		2C9732C22ABC13D6001778D9 /* CardListView.swift in Sources */ = {isa = PBXBuildFile; fileRef = 2C9732C12ABC13D6001778D9 /* CardListView.swift */; };
		2C9732C42ABC1D48001778D9 /* CardAddView.swift in Sources */ = {isa = PBXBuildFile; fileRef = 2C9732C32ABC1D48001778D9 /* CardAddView.swift */; };
		2CD68C7C2AA0E60000AEE939 /* AutoHomeApp.swift in Sources */ = {isa = PBXBuildFile; fileRef = 2CD68C7B2AA0E60000AEE939 /* AutoHomeApp.swift */; };
		2CD68C7E2AA0E60000AEE939 /* ContentView.swift in Sources */ = {isa = PBXBuildFile; fileRef = 2CD68C7D2AA0E60000AEE939 /* ContentView.swift */; };
		2CD68C802AA0E60300AEE939 /* Assets.xcassets in Resources */ = {isa = PBXBuildFile; fileRef = 2CD68C7F2AA0E60300AEE939 /* Assets.xcassets */; };
		2CD68C832AA0E60300AEE939 /* Preview Assets.xcassets in Resources */ = {isa = PBXBuildFile; fileRef = 2CD68C822AA0E60300AEE939 /* Preview Assets.xcassets */; };
		2CD68C8B2AA0E7C300AEE939 /* Constants.swift in Sources */ = {isa = PBXBuildFile; fileRef = 2CD68C8A2AA0E7C300AEE939 /* Constants.swift */; };
		2CD68C902AA0E8BE00AEE939 /* HomeFooter.swift in Sources */ = {isa = PBXBuildFile; fileRef = 2CD68C8F2AA0E8BE00AEE939 /* HomeFooter.swift */; };
		2CD68C922AA0EB6200AEE939 /* NavigationBarView.swift in Sources */ = {isa = PBXBuildFile; fileRef = 2CD68C912AA0EB6200AEE939 /* NavigationBarView.swift */; };
		2CD68C942AA0F5E900AEE939 /* slider.json in Resources */ = {isa = PBXBuildFile; fileRef = 2CD68C932AA0F5E900AEE939 /* slider.json */; };
		2CD68C972AA0F61F00AEE939 /* SliderModel.swift in Sources */ = {isa = PBXBuildFile; fileRef = 2CD68C962AA0F61F00AEE939 /* SliderModel.swift */; };
		2CD68C992AA0F84E00AEE939 /* SliderView.swift in Sources */ = {isa = PBXBuildFile; fileRef = 2CD68C982AA0F84E00AEE939 /* SliderView.swift */; };
		2CD68C9B2AA0F92D00AEE939 /* SliderTabView.swift in Sources */ = {isa = PBXBuildFile; fileRef = 2CD68C9A2AA0F92D00AEE939 /* SliderTabView.swift */; };
		2CD68C9D2AA1BEC000AEE939 /* CategoryItemView.swift in Sources */ = {isa = PBXBuildFile; fileRef = 2CD68C9C2AA1BEBF00AEE939 /* CategoryItemView.swift */; };
		2CD68C9F2AA1C08000AEE939 /* Category.json in Resources */ = {isa = PBXBuildFile; fileRef = 2CD68C9E2AA1C08000AEE939 /* Category.json */; };
		2CD68CA12AA1C8E800AEE939 /* CategoryGridView.swift in Sources */ = {isa = PBXBuildFile; fileRef = 2CD68CA02AA1C8E800AEE939 /* CategoryGridView.swift */; };
		2CD68CA42AA1D01700AEE939 /* CategorySectionView.swift in Sources */ = {isa = PBXBuildFile; fileRef = 2CD68CA32AA1D01700AEE939 /* CategorySectionView.swift */; };
/* End PBXBuildFile section */

/* Begin PBXFileReference section */
		2C01BE1F2AD81CF7000A9505 /* CardDataModel.xcdatamodel */ = {isa = PBXFileReference; lastKnownFileType = wrapper.xcdatamodel; path = CardDataModel.xcdatamodel; sourceTree = "<group>"; };
		2C01BE212AD81DC7000A9505 /* CardDataController.swift */ = {isa = PBXFileReference; lastKnownFileType = sourcecode.swift; path = CardDataController.swift; sourceTree = "<group>"; };
		2C17E0D92ABCA4B10082F5DE /* CardDetails.swift */ = {isa = PBXFileReference; lastKnownFileType = sourcecode.swift; path = CardDetails.swift; sourceTree = "<group>"; };
		2C4157B02AA6481E00256A66 /* ElecAddView.swift */ = {isa = PBXFileReference; lastKnownFileType = sourcecode.swift; path = ElecAddView.swift; sourceTree = "<group>"; };
		2C5F05F32AA2161200B11F97 /* ElecContentView.swift */ = {isa = PBXFileReference; lastKnownFileType = sourcecode.swift; path = ElecContentView.swift; sourceTree = "<group>"; };
		2C5F05F52AA2166700B11F97 /* ElecBarView.swift */ = {isa = PBXFileReference; lastKnownFileType = sourcecode.swift; path = ElecBarView.swift; sourceTree = "<group>"; };
		2C5F05F72AA21A4A00B11F97 /* ElecListView.swift */ = {isa = PBXFileReference; lastKnownFileType = sourcecode.swift; path = ElecListView.swift; sourceTree = "<group>"; };
		2C5F05F92AA2367B00B11F97 /* electData.json */ = {isa = PBXFileReference; fileEncoding = 4; lastKnownFileType = text.json; path = electData.json; sourceTree = "<group>"; };
		2C5F05FB2AA241E400B11F97 /* Navigation.swift */ = {isa = PBXFileReference; lastKnownFileType = sourcecode.swift; path = Navigation.swift; sourceTree = "<group>"; };
		2C9732BA2ABC0632001778D9 /* CardContentView.swift */ = {isa = PBXFileReference; lastKnownFileType = sourcecode.swift; path = CardContentView.swift; sourceTree = "<group>"; };
		2C9732BC2ABC089D001778D9 /* CommonAddNavBar.swift */ = {isa = PBXFileReference; lastKnownFileType = sourcecode.swift; path = CommonAddNavBar.swift; sourceTree = "<group>"; };
		2C9732BF2ABC0ABD001778D9 /* CardData.json */ = {isa = PBXFileReference; fileEncoding = 4; lastKnownFileType = text.json; path = CardData.json; sourceTree = "<group>"; };
		2C9732C12ABC13D6001778D9 /* CardListView.swift */ = {isa = PBXFileReference; lastKnownFileType = sourcecode.swift; path = CardListView.swift; sourceTree = "<group>"; };
		2C9732C32ABC1D48001778D9 /* CardAddView.swift */ = {isa = PBXFileReference; lastKnownFileType = sourcecode.swift; path = CardAddView.swift; sourceTree = "<group>"; };
		2CD68C782AA0E60000AEE939 /* AutoHome.app */ = {isa = PBXFileReference; explicitFileType = wrapper.application; includeInIndex = 0; path = AutoHome.app; sourceTree = BUILT_PRODUCTS_DIR; };
		2CD68C7B2AA0E60000AEE939 /* AutoHomeApp.swift */ = {isa = PBXFileReference; lastKnownFileType = sourcecode.swift; path = AutoHomeApp.swift; sourceTree = "<group>"; };
		2CD68C7D2AA0E60000AEE939 /* ContentView.swift */ = {isa = PBXFileReference; lastKnownFileType = sourcecode.swift; path = ContentView.swift; sourceTree = "<group>"; };
		2CD68C7F2AA0E60300AEE939 /* Assets.xcassets */ = {isa = PBXFileReference; lastKnownFileType = folder.assetcatalog; path = Assets.xcassets; sourceTree = "<group>"; };
		2CD68C822AA0E60300AEE939 /* Preview Assets.xcassets */ = {isa = PBXFileReference; lastKnownFileType = folder.assetcatalog; path = "Preview Assets.xcassets"; sourceTree = "<group>"; };
		2CD68C8A2AA0E7C300AEE939 /* Constants.swift */ = {isa = PBXFileReference; lastKnownFileType = sourcecode.swift; path = Constants.swift; sourceTree = "<group>"; };
		2CD68C8F2AA0E8BE00AEE939 /* HomeFooter.swift */ = {isa = PBXFileReference; lastKnownFileType = sourcecode.swift; path = HomeFooter.swift; sourceTree = "<group>"; };
		2CD68C912AA0EB6200AEE939 /* NavigationBarView.swift */ = {isa = PBXFileReference; lastKnownFileType = sourcecode.swift; path = NavigationBarView.swift; sourceTree = "<group>"; };
		2CD68C932AA0F5E900AEE939 /* slider.json */ = {isa = PBXFileReference; fileEncoding = 4; lastKnownFileType = text.json; path = slider.json; sourceTree = "<group>"; };
		2CD68C962AA0F61F00AEE939 /* SliderModel.swift */ = {isa = PBXFileReference; lastKnownFileType = sourcecode.swift; path = SliderModel.swift; sourceTree = "<group>"; };
		2CD68C982AA0F84E00AEE939 /* SliderView.swift */ = {isa = PBXFileReference; lastKnownFileType = sourcecode.swift; path = SliderView.swift; sourceTree = "<group>"; };
		2CD68C9A2AA0F92D00AEE939 /* SliderTabView.swift */ = {isa = PBXFileReference; lastKnownFileType = sourcecode.swift; path = SliderTabView.swift; sourceTree = "<group>"; };
		2CD68C9C2AA1BEBF00AEE939 /* CategoryItemView.swift */ = {isa = PBXFileReference; lastKnownFileType = sourcecode.swift; path = CategoryItemView.swift; sourceTree = "<group>"; };
		2CD68C9E2AA1C08000AEE939 /* Category.json */ = {isa = PBXFileReference; fileEncoding = 4; lastKnownFileType = text.json; path = Category.json; sourceTree = "<group>"; };
		2CD68CA02AA1C8E800AEE939 /* CategoryGridView.swift */ = {isa = PBXFileReference; lastKnownFileType = sourcecode.swift; path = CategoryGridView.swift; sourceTree = "<group>"; };
		2CD68CA32AA1D01700AEE939 /* CategorySectionView.swift */ = {isa = PBXFileReference; lastKnownFileType = sourcecode.swift; path = CategorySectionView.swift; sourceTree = "<group>"; };
/* End PBXFileReference section */

/* Begin PBXFrameworksBuildPhase section */
		2CD68C752AA0E60000AEE939 /* Frameworks */ = {
			isa = PBXFrameworksBuildPhase;
			buildActionMask = 2147483647;
			files = (
			);
			runOnlyForDeploymentPostprocessing = 0;
		};
/* End PBXFrameworksBuildPhase section */

/* Begin PBXGroup section */
		2C01BE1D2AD81CD9000A9505 /* DataModel */ = {
			isa = PBXGroup;
			children = (
				2C01BE1E2AD81CF7000A9505 /* CardDataModel.xcdatamodeld */,
				2C01BE212AD81DC7000A9505 /* CardDataController.swift */,
			);
			path = DataModel;
			sourceTree = "<group>";
		};
		2C5F05F22AA215FA00B11F97 /* Electricity */ = {
			isa = PBXGroup;
			children = (
				2C5F05F32AA2161200B11F97 /* ElecContentView.swift */,
				2C5F05F52AA2166700B11F97 /* ElecBarView.swift */,
				2C5F05F72AA21A4A00B11F97 /* ElecListView.swift */,
				2C4157B02AA6481E00256A66 /* ElecAddView.swift */,
			);
			path = Electricity;
			sourceTree = "<group>";
		};
		2C9732B92ABC061D001778D9 /* cards */ = {
			isa = PBXGroup;
			children = (
				2C9732BA2ABC0632001778D9 /* CardContentView.swift */,
				2C9732C12ABC13D6001778D9 /* CardListView.swift */,
				2C9732C32ABC1D48001778D9 /* CardAddView.swift */,
				2C17E0D92ABCA4B10082F5DE /* CardDetails.swift */,
			);
			path = cards;
			sourceTree = "<group>";
		};
		2C9732BE2ABC08AA001778D9 /* Common */ = {
			isa = PBXGroup;
			children = (
				2C9732BC2ABC089D001778D9 /* CommonAddNavBar.swift */,
			);
			path = Common;
			sourceTree = "<group>";
		};
		2CD68C6F2AA0E60000AEE939 = {
			isa = PBXGroup;
			children = (
				2CD68C7A2AA0E60000AEE939 /* AutoHome */,
				2CD68C792AA0E60000AEE939 /* Products */,
			);
			sourceTree = "<group>";
		};
		2CD68C792AA0E60000AEE939 /* Products */ = {
			isa = PBXGroup;
			children = (
				2CD68C782AA0E60000AEE939 /* AutoHome.app */,
			);
			name = Products;
			sourceTree = "<group>";
		};
		2CD68C7A2AA0E60000AEE939 /* AutoHome */ = {
			isa = PBXGroup;
			children = (
				2C01BE1D2AD81CD9000A9505 /* DataModel */,
				2CD68C952AA0F60B00AEE939 /* Models */,
				2CD68C8D2AA0E8A800AEE939 /* Views */,
				2CD68C892AA0E7B000AEE939 /* Utility */,
				2CD68C7B2AA0E60000AEE939 /* AutoHomeApp.swift */,
				2CD68C7D2AA0E60000AEE939 /* ContentView.swift */,
				2CD68C7F2AA0E60300AEE939 /* Assets.xcassets */,
				2CD68C812AA0E60300AEE939 /* Preview Content */,
			);
			path = AutoHome;
			sourceTree = "<group>";
		};
		2CD68C812AA0E60300AEE939 /* Preview Content */ = {
			isa = PBXGroup;
			children = (
				2CD68C822AA0E60300AEE939 /* Preview Assets.xcassets */,
			);
			path = "Preview Content";
			sourceTree = "<group>";
		};
		2CD68C892AA0E7B000AEE939 /* Utility */ = {
			isa = PBXGroup;
			children = (
				2C9732BF2ABC0ABD001778D9 /* CardData.json */,
				2CD68C932AA0F5E900AEE939 /* slider.json */,
				2CD68C9E2AA1C08000AEE939 /* Category.json */,
				2C5F05F92AA2367B00B11F97 /* electData.json */,
				2CD68C8A2AA0E7C300AEE939 /* Constants.swift */,
				2C5F05FB2AA241E400B11F97 /* Navigation.swift */,
			);
			path = Utility;
			sourceTree = "<group>";
		};
		2CD68C8D2AA0E8A800AEE939 /* Views */ = {
			isa = PBXGroup;
			children = (
				2C9732BE2ABC08AA001778D9 /* Common */,
				2CD68C8E2AA0E8B000AEE939 /* Home */,
				2CD68C912AA0EB6200AEE939 /* NavigationBarView.swift */,
			);
			path = Views;
			sourceTree = "<group>";
		};
		2CD68C8E2AA0E8B000AEE939 /* Home */ = {
			isa = PBXGroup;
			children = (
				2C9732B92ABC061D001778D9 /* cards */,
				2C5F05F22AA215FA00B11F97 /* Electricity */,
				2CD68CA22AA1CFFE00AEE939 /* Category */,
				2CD68C8F2AA0E8BE00AEE939 /* HomeFooter.swift */,
				2CD68C982AA0F84E00AEE939 /* SliderView.swift */,
				2CD68C9A2AA0F92D00AEE939 /* SliderTabView.swift */,
			);
			path = Home;
			sourceTree = "<group>";
		};
		2CD68C952AA0F60B00AEE939 /* Models */ = {
			isa = PBXGroup;
			children = (
				2CD68C962AA0F61F00AEE939 /* SliderModel.swift */,
			);
			path = Models;
			sourceTree = "<group>";
		};
		2CD68CA22AA1CFFE00AEE939 /* Category */ = {
			isa = PBXGroup;
			children = (
				2CD68CA02AA1C8E800AEE939 /* CategoryGridView.swift */,
				2CD68C9C2AA1BEBF00AEE939 /* CategoryItemView.swift */,
				2CD68CA32AA1D01700AEE939 /* CategorySectionView.swift */,
			);
			path = Category;
			sourceTree = "<group>";
		};
/* End PBXGroup section */

/* Begin PBXNativeTarget section */
		2CD68C772AA0E60000AEE939 /* AutoHome */ = {
			isa = PBXNativeTarget;
			buildConfigurationList = 2CD68C862AA0E60300AEE939 /* Build configuration list for PBXNativeTarget "AutoHome" */;
			buildPhases = (
				2CD68C742AA0E60000AEE939 /* Sources */,
				2CD68C752AA0E60000AEE939 /* Frameworks */,
				2CD68C762AA0E60000AEE939 /* Resources */,
			);
			buildRules = (
			);
			dependencies = (
			);
			name = AutoHome;
			productName = AutoHome;
			productReference = 2CD68C782AA0E60000AEE939 /* AutoHome.app */;
			productType = "com.apple.product-type.application";
		};
/* End PBXNativeTarget section */

/* Begin PBXProject section */
		2CD68C702AA0E60000AEE939 /* Project object */ = {
			isa = PBXProject;
			attributes = {
				BuildIndependentTargetsInParallel = 1;
				LastSwiftUpdateCheck = 1430;
				LastUpgradeCheck = 1430;
				TargetAttributes = {
					2CD68C772AA0E60000AEE939 = {
						CreatedOnToolsVersion = 14.3.1;
					};
				};
			};
			buildConfigurationList = 2CD68C732AA0E60000AEE939 /* Build configuration list for PBXProject "AutoHome" */;
			compatibilityVersion = "Xcode 14.0";
			developmentRegion = en;
			hasScannedForEncodings = 0;
			knownRegions = (
				en,
				Base,
			);
			mainGroup = 2CD68C6F2AA0E60000AEE939;
			productRefGroup = 2CD68C792AA0E60000AEE939 /* Products */;
			projectDirPath = "";
			projectRoot = "";
			targets = (
				2CD68C772AA0E60000AEE939 /* AutoHome */,
			);
		};
/* End PBXProject section */

/* Begin PBXResourcesBuildPhase section */
		2CD68C762AA0E60000AEE939 /* Resources */ = {
			isa = PBXResourcesBuildPhase;
			buildActionMask = 2147483647;
			files = (
				2CD68C832AA0E60300AEE939 /* Preview Assets.xcassets in Resources */,
				2CD68C942AA0F5E900AEE939 /* slider.json in Resources */,
				2CD68C802AA0E60300AEE939 /* Assets.xcassets in Resources */,
				2C9732C02ABC0ABD001778D9 /* CardData.json in Resources */,
				2C5F05FA2AA2367B00B11F97 /* electData.json in Resources */,
				2CD68C9F2AA1C08000AEE939 /* Category.json in Resources */,
			);
			runOnlyForDeploymentPostprocessing = 0;
		};
/* End PBXResourcesBuildPhase section */

/* Begin PBXSourcesBuildPhase section */
		2CD68C742AA0E60000AEE939 /* Sources */ = {
			isa = PBXSourcesBuildPhase;
			buildActionMask = 2147483647;
			files = (
				2CD68C972AA0F61F00AEE939 /* SliderModel.swift in Sources */,
				2CD68C7E2AA0E60000AEE939 /* ContentView.swift in Sources */,
				2CD68C7C2AA0E60000AEE939 /* AutoHomeApp.swift in Sources */,
				2C01BE222AD81DC7000A9505 /* CardDataController.swift in Sources */,
				2C9732C22ABC13D6001778D9 /* CardListView.swift in Sources */,
				2CD68C9D2AA1BEC000AEE939 /* CategoryItemView.swift in Sources */,
				2CD68CA42AA1D01700AEE939 /* CategorySectionView.swift in Sources */,
				2CD68C9B2AA0F92D00AEE939 /* SliderTabView.swift in Sources */,
				2C9732BD2ABC089D001778D9 /* CommonAddNavBar.swift in Sources */,
				2CD68C8B2AA0E7C300AEE939 /* Constants.swift in Sources */,
				2C01BE202AD81CF7000A9505 /* CardDataModel.xcdatamodeld in Sources */,
				2C5F05F42AA2161200B11F97 /* ElecContentView.swift in Sources */,
				2C9732C42ABC1D48001778D9 /* CardAddView.swift in Sources */,
				2CD68C902AA0E8BE00AEE939 /* HomeFooter.swift in Sources */,
				2C4157B12AA6481E00256A66 /* ElecAddView.swift in Sources */,
				2CD68C922AA0EB6200AEE939 /* NavigationBarView.swift in Sources */,
				2C9732BB2ABC0632001778D9 /* CardContentView.swift in Sources */,
				2CD68CA12AA1C8E800AEE939 /* CategoryGridView.swift in Sources */,
				2C5F05F62AA2166700B11F97 /* ElecBarView.swift in Sources */,
				2C5F05FC2AA241E400B11F97 /* Navigation.swift in Sources */,
				2CD68C992AA0F84E00AEE939 /* SliderView.swift in Sources */,
				2C17E0DA2ABCA4B10082F5DE /* CardDetails.swift in Sources */,
				2C5F05F82AA21A4A00B11F97 /* ElecListView.swift in Sources */,
			);
			runOnlyForDeploymentPostprocessing = 0;
		};
/* End PBXSourcesBuildPhase section */

/* Begin XCBuildConfiguration section */
		2CD68C842AA0E60300AEE939 /* Debug */ = {
			isa = XCBuildConfiguration;
			buildSettings = {
				ALWAYS_SEARCH_USER_PATHS = NO;
				CLANG_ANALYZER_NONNULL = YES;
				CLANG_ANALYZER_NUMBER_OBJECT_CONVERSION = YES_AGGRESSIVE;
				CLANG_CXX_LANGUAGE_STANDARD = "gnu++20";
				CLANG_ENABLE_MODULES = YES;
				CLANG_ENABLE_OBJC_ARC = YES;
				CLANG_ENABLE_OBJC_WEAK = YES;
				CLANG_WARN_BLOCK_CAPTURE_AUTORELEASING = YES;
				CLANG_WARN_BOOL_CONVERSION = YES;
				CLANG_WARN_COMMA = YES;
				CLANG_WARN_CONSTANT_CONVERSION = YES;
				CLANG_WARN_DEPRECATED_OBJC_IMPLEMENTATIONS = YES;
				CLANG_WARN_DIRECT_OBJC_ISA_USAGE = YES_ERROR;
				CLANG_WARN_DOCUMENTATION_COMMENTS = YES;
				CLANG_WARN_EMPTY_BODY = YES;
				CLANG_WARN_ENUM_CONVERSION = YES;
				CLANG_WARN_INFINITE_RECURSION = YES;
				CLANG_WARN_INT_CONVERSION = YES;
				CLANG_WARN_NON_LITERAL_NULL_CONVERSION = YES;
				CLANG_WARN_OBJC_IMPLICIT_RETAIN_SELF = YES;
				CLANG_WARN_OBJC_LITERAL_CONVERSION = YES;
				CLANG_WARN_OBJC_ROOT_CLASS = YES_ERROR;
				CLANG_WARN_QUOTED_INCLUDE_IN_FRAMEWORK_HEADER = YES;
				CLANG_WARN_RANGE_LOOP_ANALYSIS = YES;
				CLANG_WARN_STRICT_PROTOTYPES = YES;
				CLANG_WARN_SUSPICIOUS_MOVE = YES;
				CLANG_WARN_UNGUARDED_AVAILABILITY = YES_AGGRESSIVE;
				CLANG_WARN_UNREACHABLE_CODE = YES;
				CLANG_WARN__DUPLICATE_METHOD_MATCH = YES;
				COPY_PHASE_STRIP = NO;
				DEBUG_INFORMATION_FORMAT = dwarf;
				ENABLE_STRICT_OBJC_MSGSEND = YES;
				ENABLE_TESTABILITY = YES;
				GCC_C_LANGUAGE_STANDARD = gnu11;
				GCC_DYNAMIC_NO_PIC = NO;
				GCC_NO_COMMON_BLOCKS = YES;
				GCC_OPTIMIZATION_LEVEL = 0;
				GCC_PREPROCESSOR_DEFINITIONS = (
					"DEBUG=1",
					"$(inherited)",
				);
				GCC_WARN_64_TO_32_BIT_CONVERSION = YES;
				GCC_WARN_ABOUT_RETURN_TYPE = YES_ERROR;
				GCC_WARN_UNDECLARED_SELECTOR = YES;
				GCC_WARN_UNINITIALIZED_AUTOS = YES_AGGRESSIVE;
				GCC_WARN_UNUSED_FUNCTION = YES;
				GCC_WARN_UNUSED_VARIABLE = YES;
				IPHONEOS_DEPLOYMENT_TARGET = 16.4;
				MTL_ENABLE_DEBUG_INFO = INCLUDE_SOURCE;
				MTL_FAST_MATH = YES;
				ONLY_ACTIVE_ARCH = YES;
				SDKROOT = iphoneos;
				SWIFT_ACTIVE_COMPILATION_CONDITIONS = DEBUG;
				SWIFT_OPTIMIZATION_LEVEL = "-Onone";
			};
			name = Debug;
		};
		2CD68C852AA0E60300AEE939 /* Release */ = {
			isa = XCBuildConfiguration;
			buildSettings = {
				ALWAYS_SEARCH_USER_PATHS = NO;
				CLANG_ANALYZER_NONNULL = YES;
				CLANG_ANALYZER_NUMBER_OBJECT_CONVERSION = YES_AGGRESSIVE;
				CLANG_CXX_LANGUAGE_STANDARD = "gnu++20";
				CLANG_ENABLE_MODULES = YES;
				CLANG_ENABLE_OBJC_ARC = YES;
				CLANG_ENABLE_OBJC_WEAK = YES;
				CLANG_WARN_BLOCK_CAPTURE_AUTORELEASING = YES;
				CLANG_WARN_BOOL_CONVERSION = YES;
				CLANG_WARN_COMMA = YES;
				CLANG_WARN_CONSTANT_CONVERSION = YES;
				CLANG_WARN_DEPRECATED_OBJC_IMPLEMENTATIONS = YES;
				CLANG_WARN_DIRECT_OBJC_ISA_USAGE = YES_ERROR;
				CLANG_WARN_DOCUMENTATION_COMMENTS = YES;
				CLANG_WARN_EMPTY_BODY = YES;
				CLANG_WARN_ENUM_CONVERSION = YES;
				CLANG_WARN_INFINITE_RECURSION = YES;
				CLANG_WARN_INT_CONVERSION = YES;
				CLANG_WARN_NON_LITERAL_NULL_CONVERSION = YES;
				CLANG_WARN_OBJC_IMPLICIT_RETAIN_SELF = YES;
				CLANG_WARN_OBJC_LITERAL_CONVERSION = YES;
				CLANG_WARN_OBJC_ROOT_CLASS = YES_ERROR;
				CLANG_WARN_QUOTED_INCLUDE_IN_FRAMEWORK_HEADER = YES;
				CLANG_WARN_RANGE_LOOP_ANALYSIS = YES;
				CLANG_WARN_STRICT_PROTOTYPES = YES;
				CLANG_WARN_SUSPICIOUS_MOVE = YES;
				CLANG_WARN_UNGUARDED_AVAILABILITY = YES_AGGRESSIVE;
				CLANG_WARN_UNREACHABLE_CODE = YES;
				CLANG_WARN__DUPLICATE_METHOD_MATCH = YES;
				COPY_PHASE_STRIP = NO;
				DEBUG_INFORMATION_FORMAT = "dwarf-with-dsym";
				ENABLE_NS_ASSERTIONS = NO;
				ENABLE_STRICT_OBJC_MSGSEND = YES;
				GCC_C_LANGUAGE_STANDARD = gnu11;
				GCC_NO_COMMON_BLOCKS = YES;
				GCC_WARN_64_TO_32_BIT_CONVERSION = YES;
				GCC_WARN_ABOUT_RETURN_TYPE = YES_ERROR;
				GCC_WARN_UNDECLARED_SELECTOR = YES;
				GCC_WARN_UNINITIALIZED_AUTOS = YES_AGGRESSIVE;
				GCC_WARN_UNUSED_FUNCTION = YES;
				GCC_WARN_UNUSED_VARIABLE = YES;
				IPHONEOS_DEPLOYMENT_TARGET = 16.4;
				MTL_ENABLE_DEBUG_INFO = NO;
				MTL_FAST_MATH = YES;
				SDKROOT = iphoneos;
				SWIFT_COMPILATION_MODE = wholemodule;
				SWIFT_OPTIMIZATION_LEVEL = "-O";
				VALIDATE_PRODUCT = YES;
			};
			name = Release;
		};
		2CD68C872AA0E60300AEE939 /* Debug */ = {
			isa = XCBuildConfiguration;
			buildSettings = {
				ASSETCATALOG_COMPILER_APPICON_NAME = AppIcon;
				ASSETCATALOG_COMPILER_GLOBAL_ACCENT_COLOR_NAME = AccentColor;
				CODE_SIGN_STYLE = Automatic;
				CURRENT_PROJECT_VERSION = 1;
				DEVELOPMENT_ASSET_PATHS = "\"AutoHome/Preview Content\"";
				DEVELOPMENT_TEAM = 8CM9GM5RCL;
				ENABLE_PREVIEWS = YES;
				GENERATE_INFOPLIST_FILE = YES;
				INFOPLIST_KEY_UIApplicationSceneManifest_Generation = YES;
				INFOPLIST_KEY_UIApplicationSupportsIndirectInputEvents = YES;
				INFOPLIST_KEY_UILaunchScreen_Generation = YES;
				INFOPLIST_KEY_UISupportedInterfaceOrientations_iPad = "UIInterfaceOrientationPortrait UIInterfaceOrientationPortraitUpsideDown UIInterfaceOrientationLandscapeLeft UIInterfaceOrientationLandscapeRight";
				INFOPLIST_KEY_UISupportedInterfaceOrientations_iPhone = "UIInterfaceOrientationPortrait UIInterfaceOrientationLandscapeLeft UIInterfaceOrientationLandscapeRight";
				LD_RUNPATH_SEARCH_PATHS = (
					"$(inherited)",
					"@executable_path/Frameworks",
				);
				MARKETING_VERSION = 1.0;
				PRODUCT_BUNDLE_IDENTIFIER = kl.AutoHome;
				PRODUCT_NAME = "$(TARGET_NAME)";
				SWIFT_EMIT_LOC_STRINGS = YES;
				SWIFT_VERSION = 5.0;
				TARGETED_DEVICE_FAMILY = "1,2";
			};
			name = Debug;
		};
		2CD68C882AA0E60300AEE939 /* Release */ = {
			isa = XCBuildConfiguration;
			buildSettings = {
				ASSETCATALOG_COMPILER_APPICON_NAME = AppIcon;
				ASSETCATALOG_COMPILER_GLOBAL_ACCENT_COLOR_NAME = AccentColor;
				CODE_SIGN_STYLE = Automatic;
				CURRENT_PROJECT_VERSION = 1;
				DEVELOPMENT_ASSET_PATHS = "\"AutoHome/Preview Content\"";
				DEVELOPMENT_TEAM = 8CM9GM5RCL;
				ENABLE_PREVIEWS = YES;
				GENERATE_INFOPLIST_FILE = YES;
				INFOPLIST_KEY_UIApplicationSceneManifest_Generation = YES;
				INFOPLIST_KEY_UIApplicationSupportsIndirectInputEvents = YES;
				INFOPLIST_KEY_UILaunchScreen_Generation = YES;
				INFOPLIST_KEY_UISupportedInterfaceOrientations_iPad = "UIInterfaceOrientationPortrait UIInterfaceOrientationPortraitUpsideDown UIInterfaceOrientationLandscapeLeft UIInterfaceOrientationLandscapeRight";
				INFOPLIST_KEY_UISupportedInterfaceOrientations_iPhone = "UIInterfaceOrientationPortrait UIInterfaceOrientationLandscapeLeft UIInterfaceOrientationLandscapeRight";
				LD_RUNPATH_SEARCH_PATHS = (
					"$(inherited)",
					"@executable_path/Frameworks",
				);
				MARKETING_VERSION = 1.0;
				PRODUCT_BUNDLE_IDENTIFIER = kl.AutoHome;
				PRODUCT_NAME = "$(TARGET_NAME)";
				SWIFT_EMIT_LOC_STRINGS = YES;
				SWIFT_VERSION = 5.0;
				TARGETED_DEVICE_FAMILY = "1,2";
			};
			name = Release;
		};
/* End XCBuildConfiguration section */

/* Begin XCConfigurationList section */
		2CD68C732AA0E60000AEE939 /* Build configuration list for PBXProject "AutoHome" */ = {
			isa = XCConfigurationList;
			buildConfigurations = (
				2CD68C842AA0E60300AEE939 /* Debug */,
				2CD68C852AA0E60300AEE939 /* Release */,
			);
			defaultConfigurationIsVisible = 0;
			defaultConfigurationName = Release;
		};
		2CD68C862AA0E60300AEE939 /* Build configuration list for PBXNativeTarget "AutoHome" */ = {
			isa = XCConfigurationList;
			buildConfigurations = (
				2CD68C872AA0E60300AEE939 /* Debug */,
				2CD68C882AA0E60300AEE939 /* Release */,
			);
			defaultConfigurationIsVisible = 0;
			defaultConfigurationName = Release;
		};
/* End XCConfigurationList section */

/* Begin XCVersionGroup section */
		2C01BE1E2AD81CF7000A9505 /* CardDataModel.xcdatamodeld */ = {
			isa = XCVersionGroup;
			children = (
				2C01BE1F2AD81CF7000A9505 /* CardDataModel.xcdatamodel */,
			);
			currentVersion = 2C01BE1F2AD81CF7000A9505 /* CardDataModel.xcdatamodel */;
			path = CardDataModel.xcdatamodeld;
			sourceTree = "<group>";
			versionGroupType = wrapper.xcdatamodel;
		};
/* End XCVersionGroup section */
	};
	rootObject = 2CD68C702AA0E60000AEE939 /* Project object */;
}
